// !$*UTF8*$!
{
	archiveVersion = 1;
	classes = {
	};
	objectVersion = 56;
	objects = {

/* Begin PBXBuildFile section */
		456AC3E4299BB3B300CFC9F0 /* MapView.swift in Sources */ = {isa = PBXBuildFile; fileRef = 456AC3E3299BB3B300CFC9F0 /* MapView.swift */; };
		45D719C9299BA39C009BE01B /* ARProjectApp.swift in Sources */ = {isa = PBXBuildFile; fileRef = 45D719C8299BA39C009BE01B /* ARProjectApp.swift */; };
		45D719CB299BA39C009BE01B /* ContentView.swift in Sources */ = {isa = PBXBuildFile; fileRef = 45D719CA299BA39C009BE01B /* ContentView.swift */; };
		45D719CD299BA39E009BE01B /* Assets.xcassets in Resources */ = {isa = PBXBuildFile; fileRef = 45D719CC299BA39E009BE01B /* Assets.xcassets */; };
		45D719D0299BA39E009BE01B /* Preview Assets.xcassets in Resources */ = {isa = PBXBuildFile; fileRef = 45D719CF299BA39E009BE01B /* Preview Assets.xcassets */; };
		45D719DA299BA39E009BE01B /* ARProjectTests.swift in Sources */ = {isa = PBXBuildFile; fileRef = 45D719D9299BA39E009BE01B /* ARProjectTests.swift */; };
		45D719E4299BA39E009BE01B /* ARProjectUITests.swift in Sources */ = {isa = PBXBuildFile; fileRef = 45D719E3299BA39E009BE01B /* ARProjectUITests.swift */; };
		45D719E6299BA39E009BE01B /* ARProjectUITestsLaunchTests.swift in Sources */ = {isa = PBXBuildFile; fileRef = 45D719E5299BA39E009BE01B /* ARProjectUITestsLaunchTests.swift */; };
/* End PBXBuildFile section */

/* Begin PBXContainerItemProxy section */
		45D719D6299BA39E009BE01B /* PBXContainerItemProxy */ = {
			isa = PBXContainerItemProxy;
			containerPortal = 45D719BD299BA39C009BE01B /* Project object */;
			proxyType = 1;
			remoteGlobalIDString = 45D719C4299BA39C009BE01B;
			remoteInfo = ARProject;
		};
		45D719E0299BA39E009BE01B /* PBXContainerItemProxy */ = {
			isa = PBXContainerItemProxy;
			containerPortal = 45D719BD299BA39C009BE01B /* Project object */;
			proxyType = 1;
			remoteGlobalIDString = 45D719C4299BA39C009BE01B;
			remoteInfo = ARProject;
		};
/* End PBXContainerItemProxy section */

/* Begin PBXFileReference section */
		456AC3E3299BB3B300CFC9F0 /* MapView.swift */ = {isa = PBXFileReference; lastKnownFileType = sourcecode.swift; path = MapView.swift; sourceTree = "<group>"; };
		45D719C5299BA39C009BE01B /* ARProject.app */ = {isa = PBXFileReference; explicitFileType = wrapper.application; includeInIndex = 0; path = ARProject.app; sourceTree = BUILT_PRODUCTS_DIR; };
		45D719C8299BA39C009BE01B /* ARProjectApp.swift */ = {isa = PBXFileReference; lastKnownFileType = sourcecode.swift; path = ARProjectApp.swift; sourceTree = "<group>"; };
		45D719CA299BA39C009BE01B /* ContentView.swift */ = {isa = PBXFileReference; lastKnownFileType = sourcecode.swift; path = ContentView.swift; sourceTree = "<group>"; };
		45D719CC299BA39E009BE01B /* Assets.xcassets */ = {isa = PBXFileReference; lastKnownFileType = folder.assetcatalog; path = Assets.xcassets; sourceTree = "<group>"; };
		45D719CF299BA39E009BE01B /* Preview Assets.xcassets */ = {isa = PBXFileReference; lastKnownFileType = folder.assetcatalog; path = "Preview Assets.xcassets"; sourceTree = "<group>"; };
		45D719D5299BA39E009BE01B /* ARProjectTests.xctest */ = {isa = PBXFileReference; explicitFileType = wrapper.cfbundle; includeInIndex = 0; path = ARProjectTests.xctest; sourceTree = BUILT_PRODUCTS_DIR; };
		45D719D9299BA39E009BE01B /* ARProjectTests.swift */ = {isa = PBXFileReference; lastKnownFileType = sourcecode.swift; path = ARProjectTests.swift; sourceTree = "<group>"; };
		45D719DF299BA39E009BE01B /* ARProjectUITests.xctest */ = {isa = PBXFileReference; explicitFileType = wrapper.cfbundle; includeInIndex = 0; path = ARProjectUITests.xctest; sourceTree = BUILT_PRODUCTS_DIR; };
		45D719E3299BA39E009BE01B /* ARProjectUITests.swift */ = {isa = PBXFileReference; lastKnownFileType = sourcecode.swift; path = ARProjectUITests.swift; sourceTree = "<group>"; };
		45D719E5299BA39E009BE01B /* ARProjectUITestsLaunchTests.swift */ = {isa = PBXFileReference; lastKnownFileType = sourcecode.swift; path = ARProjectUITestsLaunchTests.swift; sourceTree = "<group>"; };
/* End PBXFileReference section */

/* Begin PBXFrameworksBuildPhase section */
		45D719C2299BA39C009BE01B /* Frameworks */ = {
			isa = PBXFrameworksBuildPhase;
			buildActionMask = 2147483647;
			files = (
			);
			runOnlyForDeploymentPostprocessing = 0;
		};
		45D719D2299BA39E009BE01B /* Frameworks */ = {
			isa = PBXFrameworksBuildPhase;
			buildActionMask = 2147483647;
			files = (
			);
			runOnlyForDeploymentPostprocessing = 0;
		};
		45D719DC299BA39E009BE01B /* Frameworks */ = {
			isa = PBXFrameworksBuildPhase;
			buildActionMask = 2147483647;
			files = (
			);
			runOnlyForDeploymentPostprocessing = 0;
		};
/* End PBXFrameworksBuildPhase section */

/* Begin PBXGroup section */
		45D719BC299BA39C009BE01B = {
			isa = PBXGroup;
			children = (
				45D719C7299BA39C009BE01B /* ARProject */,
				45D719D8299BA39E009BE01B /* ARProjectTests */,
				45D719E2299BA39E009BE01B /* ARProjectUITests */,
				45D719C6299BA39C009BE01B /* Products */,
			);
			sourceTree = "<group>";
		};
		45D719C6299BA39C009BE01B /* Products */ = {
			isa = PBXGroup;
			children = (
				45D719C5299BA39C009BE01B /* ARProject.app */,
				45D719D5299BA39E009BE01B /* ARProjectTests.xctest */,
				45D719DF299BA39E009BE01B /* ARProjectUITests.xctest */,
			);
			name = Products;
			sourceTree = "<group>";
		};
		45D719C7299BA39C009BE01B /* ARProject */ = {
			isa = PBXGroup;
			children = (
				45D719C8299BA39C009BE01B /* ARProjectApp.swift */,
				45D719CA299BA39C009BE01B /* ContentView.swift */,
				456AC3E3299BB3B300CFC9F0 /* MapView.swift */,
				45D719CC299BA39E009BE01B /* Assets.xcassets */,
				45D719CE299BA39E009BE01B /* Preview Content */,
			);
			path = ARProject;
			sourceTree = "<group>";
		};
		45D719CE299BA39E009BE01B /* Preview Content */ = {
			isa = PBXGroup;
			children = (
				45D719CF299BA39E009BE01B /* Preview Assets.xcassets */,
			);
			path = "Preview Content";
			sourceTree = "<group>";
		};
		45D719D8299BA39E009BE01B /* ARProjectTests */ = {
			isa = PBXGroup;
			children = (
				45D719D9299BA39E009BE01B /* ARProjectTests.swift */,
			);
			path = ARProjectTests;
			sourceTree = "<group>";
		};
		45D719E2299BA39E009BE01B /* ARProjectUITests */ = {
			isa = PBXGroup;
			children = (
				45D719E3299BA39E009BE01B /* ARProjectUITests.swift */,
				45D719E5299BA39E009BE01B /* ARProjectUITestsLaunchTests.swift */,
			);
			path = ARProjectUITests;
			sourceTree = "<group>";
		};
/* End PBXGroup section */

/* Begin PBXNativeTarget section */
		45D719C4299BA39C009BE01B /* ARProject */ = {
			isa = PBXNativeTarget;
			buildConfigurationList = 45D719E9299BA39E009BE01B /* Build configuration list for PBXNativeTarget "ARProject" */;
			buildPhases = (
				45D719C1299BA39C009BE01B /* Sources */,
				45D719C2299BA39C009BE01B /* Frameworks */,
				45D719C3299BA39C009BE01B /* Resources */,
			);
			buildRules = (
			);
			dependencies = (
			);
			name = ARProject;
			productName = ARProject;
			productReference = 45D719C5299BA39C009BE01B /* ARProject.app */;
			productType = "com.apple.product-type.application";
		};
		45D719D4299BA39E009BE01B /* ARProjectTests */ = {
			isa = PBXNativeTarget;
			buildConfigurationList = 45D719EC299BA39E009BE01B /* Build configuration list for PBXNativeTarget "ARProjectTests" */;
			buildPhases = (
				45D719D1299BA39E009BE01B /* Sources */,
				45D719D2299BA39E009BE01B /* Frameworks */,
				45D719D3299BA39E009BE01B /* Resources */,
			);
			buildRules = (
			);
			dependencies = (
				45D719D7299BA39E009BE01B /* PBXTargetDependency */,
			);
			name = ARProjectTests;
			productName = ARProjectTests;
			productReference = 45D719D5299BA39E009BE01B /* ARProjectTests.xctest */;
			productType = "com.apple.product-type.bundle.unit-test";
		};
		45D719DE299BA39E009BE01B /* ARProjectUITests */ = {
			isa = PBXNativeTarget;
			buildConfigurationList = 45D719EF299BA39E009BE01B /* Build configuration list for PBXNativeTarget "ARProjectUITests" */;
			buildPhases = (
				45D719DB299BA39E009BE01B /* Sources */,
				45D719DC299BA39E009BE01B /* Frameworks */,
				45D719DD299BA39E009BE01B /* Resources */,
			);
			buildRules = (
			);
			dependencies = (
				45D719E1299BA39E009BE01B /* PBXTargetDependency */,
			);
			name = ARProjectUITests;
			productName = ARProjectUITests;
			productReference = 45D719DF299BA39E009BE01B /* ARProjectUITests.xctest */;
			productType = "com.apple.product-type.bundle.ui-testing";
		};
/* End PBXNativeTarget section */

/* Begin PBXProject section */
		45D719BD299BA39C009BE01B /* Project object */ = {
			isa = PBXProject;
			attributes = {
				BuildIndependentTargetsInParallel = 1;
				LastSwiftUpdateCheck = 1410;
				LastUpgradeCheck = 1410;
				TargetAttributes = {
					45D719C4299BA39C009BE01B = {
						CreatedOnToolsVersion = 14.1;
					};
					45D719D4299BA39E009BE01B = {
						CreatedOnToolsVersion = 14.1;
						TestTargetID = 45D719C4299BA39C009BE01B;
					};
					45D719DE299BA39E009BE01B = {
						CreatedOnToolsVersion = 14.1;
						TestTargetID = 45D719C4299BA39C009BE01B;
					};
				};
			};
			buildConfigurationList = 45D719C0299BA39C009BE01B /* Build configuration list for PBXProject "ARProject" */;
			compatibilityVersion = "Xcode 14.0";
			developmentRegion = en;
			hasScannedForEncodings = 0;
			knownRegions = (
				en,
				Base,
			);
			mainGroup = 45D719BC299BA39C009BE01B;
			productRefGroup = 45D719C6299BA39C009BE01B /* Products */;
			projectDirPath = "";
			projectRoot = "";
			targets = (
				45D719C4299BA39C009BE01B /* ARProject */,
				45D719D4299BA39E009BE01B /* ARProjectTests */,
				45D719DE299BA39E009BE01B /* ARProjectUITests */,
			);
		};
/* End PBXProject section */

/* Begin PBXResourcesBuildPhase section */
		45D719C3299BA39C009BE01B /* Resources */ = {
			isa = PBXResourcesBuildPhase;
			buildActionMask = 2147483647;
			files = (
				45D719D0299BA39E009BE01B /* Preview Assets.xcassets in Resources */,
				45D719CD299BA39E009BE01B /* Assets.xcassets in Resources */,
			);
			runOnlyForDeploymentPostprocessing = 0;
		};
		45D719D3299BA39E009BE01B /* Resources */ = {
			isa = PBXResourcesBuildPhase;
			buildActionMask = 2147483647;
			files = (
			);
			runOnlyForDeploymentPostprocessing = 0;
		};
		45D719DD299BA39E009BE01B /* Resources */ = {
			isa = PBXResourcesBuildPhase;
			buildActionMask = 2147483647;
			files = (
			);
			runOnlyForDeploymentPostprocessing = 0;
		};
/* End PBXResourcesBuildPhase section */

/* Begin PBXSourcesBuildPhase section */
		45D719C1299BA39C009BE01B /* Sources */ = {
			isa = PBXSourcesBuildPhase;
			buildActionMask = 2147483647;
			files = (
				45D719CB299BA39C009BE01B /* ContentView.swift in Sources */,
				456AC3E4299BB3B300CFC9F0 /* MapView.swift in Sources */,
				45D719C9299BA39C009BE01B /* ARProjectApp.swift in Sources */,
			);
			runOnlyForDeploymentPostprocessing = 0;
		};
		45D719D1299BA39E009BE01B /* Sources */ = {
			isa = PBXSourcesBuildPhase;
			buildActionMask = 2147483647;
			files = (
				45D719DA299BA39E009BE01B /* ARProjectTests.swift in Sources */,
			);
			runOnlyForDeploymentPostprocessing = 0;
		};
		45D719DB299BA39E009BE01B /* Sources */ = {
			isa = PBXSourcesBuildPhase;
			buildActionMask = 2147483647;
			files = (
				45D719E4299BA39E009BE01B /* ARProjectUITests.swift in Sources */,
				45D719E6299BA39E009BE01B /* ARProjectUITestsLaunchTests.swift in Sources */,
			);
			runOnlyForDeploymentPostprocessing = 0;
		};
/* End PBXSourcesBuildPhase section */

/* Begin PBXTargetDependency section */
		45D719D7299BA39E009BE01B /* PBXTargetDependency */ = {
			isa = PBXTargetDependency;
			target = 45D719C4299BA39C009BE01B /* ARProject */;
			targetProxy = 45D719D6299BA39E009BE01B /* PBXContainerItemProxy */;
		};
		45D719E1299BA39E009BE01B /* PBXTargetDependency */ = {
			isa = PBXTargetDependency;
			target = 45D719C4299BA39C009BE01B /* ARProject */;
			targetProxy = 45D719E0299BA39E009BE01B /* PBXContainerItemProxy */;
		};
/* End PBXTargetDependency section */

/* Begin XCBuildConfiguration section */
		45D719E7299BA39E009BE01B /* Debug */ = {
			isa = XCBuildConfiguration;
			buildSettings = {
				ALWAYS_SEARCH_USER_PATHS = NO;
				CLANG_ANALYZER_NONNULL = YES;
				CLANG_ANALYZER_NUMBER_OBJECT_CONVERSION = YES_AGGRESSIVE;
				CLANG_CXX_LANGUAGE_STANDARD = "gnu++20";
				CLANG_ENABLE_MODULES = YES;
				CLANG_ENABLE_OBJC_ARC = YES;
				CLANG_ENABLE_OBJC_WEAK = YES;
				CLANG_WARN_BLOCK_CAPTURE_AUTORELEASING = YES;
				CLANG_WARN_BOOL_CONVERSION = YES;
				CLANG_WARN_COMMA = YES;
				CLANG_WARN_CONSTANT_CONVERSION = YES;
				CLANG_WARN_DEPRECATED_OBJC_IMPLEMENTATIONS = YES;
				CLANG_WARN_DIRECT_OBJC_ISA_USAGE = YES_ERROR;
				CLANG_WARN_DOCUMENTATION_COMMENTS = YES;
				CLANG_WARN_EMPTY_BODY = YES;
				CLANG_WARN_ENUM_CONVERSION = YES;
				CLANG_WARN_INFINITE_RECURSION = YES;
				CLANG_WARN_INT_CONVERSION = YES;
				CLANG_WARN_NON_LITERAL_NULL_CONVERSION = YES;
				CLANG_WARN_OBJC_IMPLICIT_RETAIN_SELF = YES;
				CLANG_WARN_OBJC_LITERAL_CONVERSION = YES;
				CLANG_WARN_OBJC_ROOT_CLASS = YES_ERROR;
				CLANG_WARN_QUOTED_INCLUDE_IN_FRAMEWORK_HEADER = YES;
				CLANG_WARN_RANGE_LOOP_ANALYSIS = YES;
				CLANG_WARN_STRICT_PROTOTYPES = YES;
				CLANG_WARN_SUSPICIOUS_MOVE = YES;
				CLANG_WARN_UNGUARDED_AVAILABILITY = YES_AGGRESSIVE;
				CLANG_WARN_UNREACHABLE_CODE = YES;
				CLANG_WARN__DUPLICATE_METHOD_MATCH = YES;
				COPY_PHASE_STRIP = NO;
				DEBUG_INFORMATION_FORMAT = dwarf;
				ENABLE_STRICT_OBJC_MSGSEND = YES;
				ENABLE_TESTABILITY = YES;
				GCC_C_LANGUAGE_STANDARD = gnu11;
				GCC_DYNAMIC_NO_PIC = NO;
				GCC_NO_COMMON_BLOCKS = YES;
				GCC_OPTIMIZATION_LEVEL = 0;
				GCC_PREPROCESSOR_DEFINITIONS = (
					"DEBUG=1",
					"$(inherited)",
				);
				GCC_WARN_64_TO_32_BIT_CONVERSION = YES;
				GCC_WARN_ABOUT_RETURN_TYPE = YES_ERROR;
				GCC_WARN_UNDECLARED_SELECTOR = YES;
				GCC_WARN_UNINITIALIZED_AUTOS = YES_AGGRESSIVE;
				GCC_WARN_UNUSED_FUNCTION = YES;
				GCC_WARN_UNUSED_VARIABLE = YES;
				IPHONEOS_DEPLOYMENT_TARGET = 16.1;
				MTL_ENABLE_DEBUG_INFO = INCLUDE_SOURCE;
				MTL_FAST_MATH = YES;
				ONLY_ACTIVE_ARCH = YES;
				SDKROOT = iphoneos;
				SWIFT_ACTIVE_COMPILATION_CONDITIONS = DEBUG;
				SWIFT_OPTIMIZATION_LEVEL = "-Onone";
			};
			name = Debug;
		};
		45D719E8299BA39E009BE01B /* Release */ = {
			isa = XCBuildConfiguration;
			buildSettings = {
				ALWAYS_SEARCH_USER_PATHS = NO;
				CLANG_ANALYZER_NONNULL = YES;
				CLANG_ANALYZER_NUMBER_OBJECT_CONVERSION = YES_AGGRESSIVE;
				CLANG_CXX_LANGUAGE_STANDARD = "gnu++20";
				CLANG_ENABLE_MODULES = YES;
				CLANG_ENABLE_OBJC_ARC = YES;
				CLANG_ENABLE_OBJC_WEAK = YES;
				CLANG_WARN_BLOCK_CAPTURE_AUTORELEASING = YES;
				CLANG_WARN_BOOL_CONVERSION = YES;
				CLANG_WARN_COMMA = YES;
				CLANG_WARN_CONSTANT_CONVERSION = YES;
				CLANG_WARN_DEPRECATED_OBJC_IMPLEMENTATIONS = YES;
				CLANG_WARN_DIRECT_OBJC_ISA_USAGE = YES_ERROR;
				CLANG_WARN_DOCUMENTATION_COMMENTS = YES;
				CLANG_WARN_EMPTY_BODY = YES;
				CLANG_WARN_ENUM_CONVERSION = YES;
				CLANG_WARN_INFINITE_RECURSION = YES;
				CLANG_WARN_INT_CONVERSION = YES;
				CLANG_WARN_NON_LITERAL_NULL_CONVERSION = YES;
				CLANG_WARN_OBJC_IMPLICIT_RETAIN_SELF = YES;
				CLANG_WARN_OBJC_LITERAL_CONVERSION = YES;
				CLANG_WARN_OBJC_ROOT_CLASS = YES_ERROR;
				CLANG_WARN_QUOTED_INCLUDE_IN_FRAMEWORK_HEADER = YES;
				CLANG_WARN_RANGE_LOOP_ANALYSIS = YES;
				CLANG_WARN_STRICT_PROTOTYPES = YES;
				CLANG_WARN_SUSPICIOUS_MOVE = YES;
				CLANG_WARN_UNGUARDED_AVAILABILITY = YES_AGGRESSIVE;
				CLANG_WARN_UNREACHABLE_CODE = YES;
				CLANG_WARN__DUPLICATE_METHOD_MATCH = YES;
				COPY_PHASE_STRIP = NO;
				DEBUG_INFORMATION_FORMAT = "dwarf-with-dsym";
				ENABLE_NS_ASSERTIONS = NO;
				ENABLE_STRICT_OBJC_MSGSEND = YES;
				GCC_C_LANGUAGE_STANDARD = gnu11;
				GCC_NO_COMMON_BLOCKS = YES;
				GCC_WARN_64_TO_32_BIT_CONVERSION = YES;
				GCC_WARN_ABOUT_RETURN_TYPE = YES_ERROR;
				GCC_WARN_UNDECLARED_SELECTOR = YES;
				GCC_WARN_UNINITIALIZED_AUTOS = YES_AGGRESSIVE;
				GCC_WARN_UNUSED_FUNCTION = YES;
				GCC_WARN_UNUSED_VARIABLE = YES;
				IPHONEOS_DEPLOYMENT_TARGET = 16.1;
				MTL_ENABLE_DEBUG_INFO = NO;
				MTL_FAST_MATH = YES;
				SDKROOT = iphoneos;
				SWIFT_COMPILATION_MODE = wholemodule;
				SWIFT_OPTIMIZATION_LEVEL = "-O";
				VALIDATE_PRODUCT = YES;
			};
			name = Release;
		};
		45D719EA299BA39E009BE01B /* Debug */ = {
			isa = XCBuildConfiguration;
			buildSettings = {
				ASSETCATALOG_COMPILER_APPICON_NAME = AppIcon;
				ASSETCATALOG_COMPILER_GLOBAL_ACCENT_COLOR_NAME = AccentColor;
				CODE_SIGN_STYLE = Automatic;
				CURRENT_PROJECT_VERSION = 1;
				DEVELOPMENT_ASSET_PATHS = "\"ARProject/Preview Content\"";
				DEVELOPMENT_TEAM = N4XTUAS9F6;
				ENABLE_PREVIEWS = YES;
				GENERATE_INFOPLIST_FILE = YES;
				INFOPLIST_KEY_UIApplicationSceneManifest_Generation = YES;
				INFOPLIST_KEY_UIApplicationSupportsIndirectInputEvents = YES;
				INFOPLIST_KEY_UILaunchScreen_Generation = YES;
				INFOPLIST_KEY_UISupportedInterfaceOrientations_iPad = "UIInterfaceOrientationPortrait UIInterfaceOrientationPortraitUpsideDown UIInterfaceOrientationLandscapeLeft UIInterfaceOrientationLandscapeRight";
				INFOPLIST_KEY_UISupportedInterfaceOrientations_iPhone = "UIInterfaceOrientationPortrait UIInterfaceOrientationLandscapeLeft UIInterfaceOrientationLandscapeRight";
				IPHONEOS_DEPLOYMENT_TARGET = 16.0;
				LD_RUNPATH_SEARCH_PATHS = (
					"$(inherited)",
					"@executable_path/Frameworks",
				);
				MARKETING_VERSION = 1.0;
				PRODUCT_BUNDLE_IDENTIFIER = luke.ARProject;
				PRODUCT_NAME = "$(TARGET_NAME)";
				SWIFT_EMIT_LOC_STRINGS = YES;
				SWIFT_VERSION = 5.0;
				TARGETED_DEVICE_FAMILY = "1,2";
			};
			name = Debug;
		};
		45D719EB299BA39E009BE01B /* Release */ = {
			isa = XCBuildConfiguration;
			buildSettings = {
				ASSETCATALOG_COMPILER_APPICON_NAME = AppIcon;
				ASSETCATALOG_COMPILER_GLOBAL_ACCENT_COLOR_NAME = AccentColor;
				CODE_SIGN_STYLE = Automatic;
				CURRENT_PROJECT_VERSION = 1;
				DEVELOPMENT_ASSET_PATHS = "\"ARProject/Preview Content\"";
				DEVELOPMENT_TEAM = N4XTUAS9F6;
				ENABLE_PREVIEWS = YES;
				GENERATE_INFOPLIST_FILE = YES;
				INFOPLIST_KEY_UIApplicationSceneManifest_Generation = YES;
				INFOPLIST_KEY_UIApplicationSupportsIndirectInputEvents = YES;
				INFOPLIST_KEY_UILaunchScreen_Generation = YES;
				INFOPLIST_KEY_UISupportedInterfaceOrientations_iPad = "UIInterfaceOrientationPortrait UIInterfaceOrientationPortraitUpsideDown UIInterfaceOrientationLandscapeLeft UIInterfaceOrientationLandscapeRight";
				INFOPLIST_KEY_UISupportedInterfaceOrientations_iPhone = "UIInterfaceOrientationPortrait UIInterfaceOrientationLandscapeLeft UIInterfaceOrientationLandscapeRight";
				IPHONEOS_DEPLOYMENT_TARGET = 16.0;
				LD_RUNPATH_SEARCH_PATHS = (
					"$(inherited)",
					"@executable_path/Frameworks",
				);
				MARKETING_VERSION = 1.0;
				PRODUCT_BUNDLE_IDENTIFIER = luke.ARProject;
				PRODUCT_NAME = "$(TARGET_NAME)";
				SWIFT_EMIT_LOC_STRINGS = YES;
				SWIFT_VERSION = 5.0;
				TARGETED_DEVICE_FAMILY = "1,2";
			};
			name = Release;
		};
		45D719ED299BA39E009BE01B /* Debug */ = {
			isa = XCBuildConfiguration;
			buildSettings = {
				ALWAYS_EMBED_SWIFT_STANDARD_LIBRARIES = YES;
				BUNDLE_LOADER = "$(TEST_HOST)";
				CODE_SIGN_STYLE = Automatic;
				CURRENT_PROJECT_VERSION = 1;
				DEVELOPMENT_TEAM = N4XTUAS9F6;
				GENERATE_INFOPLIST_FILE = YES;
				IPHONEOS_DEPLOYMENT_TARGET = 16.1;
				MARKETING_VERSION = 1.0;
				PRODUCT_BUNDLE_IDENTIFIER = luke.ARProjectTests;
				PRODUCT_NAME = "$(TARGET_NAME)";
				SWIFT_EMIT_LOC_STRINGS = NO;
				SWIFT_VERSION = 5.0;
				TARGETED_DEVICE_FAMILY = "1,2";
				TEST_HOST = "$(BUILT_PRODUCTS_DIR)/ARProject.app/$(BUNDLE_EXECUTABLE_FOLDER_PATH)/ARProject";
			};
			name = Debug;
		};
		45D719EE299BA39E009BE01B /* Release */ = {
			isa = XCBuildConfiguration;
			buildSettings = {
				ALWAYS_EMBED_SWIFT_STANDARD_LIBRARIES = YES;
				BUNDLE_LOADER = "$(TEST_HOST)";
				CODE_SIGN_STYLE = Automatic;
				CURRENT_PROJECT_VERSION = 1;
				DEVELOPMENT_TEAM = N4XTUAS9F6;
				GENERATE_INFOPLIST_FILE = YES;
				IPHONEOS_DEPLOYMENT_TARGET = 16.1;
				MARKETING_VERSION = 1.0;
				PRODUCT_BUNDLE_IDENTIFIER = luke.ARProjectTests;
				PRODUCT_NAME = "$(TARGET_NAME)";
				SWIFT_EMIT_LOC_STRINGS = NO;
				SWIFT_VERSION = 5.0;
				TARGETED_DEVICE_FAMILY = "1,2";
				TEST_HOST = "$(BUILT_PRODUCTS_DIR)/ARProject.app/$(BUNDLE_EXECUTABLE_FOLDER_PATH)/ARProject";
			};
			name = Release;
		};
		45D719F0299BA39E009BE01B /* Debug */ = {
			isa = XCBuildConfiguration;
			buildSettings = {
				ALWAYS_EMBED_SWIFT_STANDARD_LIBRARIES = YES;
				CODE_SIGN_STYLE = Automatic;
				CURRENT_PROJECT_VERSION = 1;
				DEVELOPMENT_TEAM = N4XTUAS9F6;
				GENERATE_INFOPLIST_FILE = YES;
				MARKETING_VERSION = 1.0;
				PRODUCT_BUNDLE_IDENTIFIER = luke.ARProjectUITests;
				PRODUCT_NAME = "$(TARGET_NAME)";
				SWIFT_EMIT_LOC_STRINGS = NO;
				SWIFT_VERSION = 5.0;
				TARGETED_DEVICE_FAMILY = "1,2";
				TEST_TARGET_NAME = ARProject;
			};
			name = Debug;
		};
		45D719F1299BA39E009BE01B /* Release */ = {
			isa = XCBuildConfiguration;
			buildSettings = {
				ALWAYS_EMBED_SWIFT_STANDARD_LIBRARIES = YES;
				CODE_SIGN_STYLE = Automatic;
				CURRENT_PROJECT_VERSION = 1;
				DEVELOPMENT_TEAM = N4XTUAS9F6;
				GENERATE_INFOPLIST_FILE = YES;
				MARKETING_VERSION = 1.0;
				PRODUCT_BUNDLE_IDENTIFIER = luke.ARProjectUITests;
				PRODUCT_NAME = "$(TARGET_NAME)";
				SWIFT_EMIT_LOC_STRINGS = NO;
				SWIFT_VERSION = 5.0;
				TARGETED_DEVICE_FAMILY = "1,2";
				TEST_TARGET_NAME = ARProject;
			};
			name = Release;
		};
/* End XCBuildConfiguration section */

/* Begin XCConfigurationList section */
		45D719C0299BA39C009BE01B /* Build configuration list for PBXProject "ARProject" */ = {
			isa = XCConfigurationList;
			buildConfigurations = (
				45D719E7299BA39E009BE01B /* Debug */,
				45D719E8299BA39E009BE01B /* Release */,
			);
			defaultConfigurationIsVisible = 0;
			defaultConfigurationName = Release;
		};
		45D719E9299BA39E009BE01B /* Build configuration list for PBXNativeTarget "ARProject" */ = {
			isa = XCConfigurationList;
			buildConfigurations = (
				45D719EA299BA39E009BE01B /* Debug */,
				45D719EB299BA39E009BE01B /* Release */,
			);
			defaultConfigurationIsVisible = 0;
			defaultConfigurationName = Release;
		};
		45D719EC299BA39E009BE01B /* Build configuration list for PBXNativeTarget "ARProjectTests" */ = {
			isa = XCConfigurationList;
			buildConfigurations = (
				45D719ED299BA39E009BE01B /* Debug */,
				45D719EE299BA39E009BE01B /* Release */,
			);
			defaultConfigurationIsVisible = 0;
			defaultConfigurationName = Release;
		};
		45D719EF299BA39E009BE01B /* Build configuration list for PBXNativeTarget "ARProjectUITests" */ = {
			isa = XCConfigurationList;
			buildConfigurations = (
				45D719F0299BA39E009BE01B /* Debug */,
				45D719F1299BA39E009BE01B /* Release */,
			);
			defaultConfigurationIsVisible = 0;
			defaultConfigurationName = Release;
		};
/* End XCConfigurationList section */
	};
	rootObject = 45D719BD299BA39C009BE01B /* Project object */;
}
